
Microsoft Visual Studio Solution File, Format Version 12.00
# Visual Studio Version 17
VisualStudioVersion = 17.14.36429.23 d17.14
MinimumVisualStudioVersion = 10.0.40219.1
Project("{FAE04EC0-301F-11D3-BF4B-00C04F79EFBC}") = "SocietyManagementAPI", "SocietyManagementAPI.csproj", "{68505EFA-E9EA-424D-A987-361F493B7A31}"
EndProject
Global
	GlobalSection(SolutionConfigurationPlatforms) = preSolution
		Debug|Any CPU = Debug|Any CPU
		Release|Any CPU = Release|Any CPU
	EndGlobalSection
	GlobalSection(ProjectConfigurationPlatforms) = postSolution
		{68505EFA-E9EA-424D-A987-361F493B7A31}.Debug|Any CPU.ActiveCfg = Debug|Any CPU
		{68505EFA-E9EA-424D-A987-361F493B7A31}.Debug|Any CPU.Build.0 = Debug|Any CPU
		{68505EFA-E9EA-424D-A987-361F493B7A31}.Release|Any CPU.ActiveCfg = Release|Any CPU
		{68505EFA-E9EA-424D-A987-361F493B7A31}.Release|Any CPU.Build.0 = Release|Any CPU
	EndGlobalSection
	GlobalSection(SolutionProperties) = preSolution
		HideSolutionNode = FALSE
	EndGlobalSection
	GlobalSection(ExtensibilityGlobals) = postSolution
		SolutionGuid = {D869F0E6-825B-4189-831D-66693FB720BA}
	EndGlobalSection
EndGlobal
